
Microsoft Visual Studio Solution File, Format Version 12.00
# Visual Studio Version 17
VisualStudioVersion = 17.1.31911.260
MinimumVisualStudioVersion = 10.0.40219.1
Project("{FAE04EC0-301F-11D3-BF4B-00C04F79EFBC}") = "UtilLib", "UtilLib\UtilLib.csproj", "{2CA0EBFF-C528-4450-AC5E-7378A40D6A80}"
EndProject
Project("{9A19103F-16F7-4668-BE54-9A1E7A4F7556}") = "UtilLibrary_Test", "..\UtilLibrary_Test\UtilLibrary_Test.csproj", "{81F3BE25-7DCC-4779-A060-0503994024EF}"
EndProject
Global
	GlobalSection(SolutionConfigurationPlatforms) = preSolution
		Debug|Any CPU = Debug|Any CPU
		Release|Any CPU = Release|Any CPU
	EndGlobalSection
	GlobalSection(ProjectConfigurationPlatforms) = postSolution
		{2CA0EBFF-C528-4450-AC5E-7378A40D6A80}.Debug|Any CPU.ActiveCfg = Debug|Any CPU
		{2CA0EBFF-C528-4450-AC5E-7378A40D6A80}.Debug|Any CPU.Build.0 = Debug|Any CPU
		{2CA0EBFF-C528-4450-AC5E-7378A40D6A80}.Release|Any CPU.ActiveCfg = Release|Any CPU
		{2CA0EBFF-C528-4450-AC5E-7378A40D6A80}.Release|Any CPU.Build.0 = Release|Any CPU
		{81F3BE25-7DCC-4779-A060-0503994024EF}.Debug|Any CPU.ActiveCfg = Debug|Any CPU
		{81F3BE25-7DCC-4779-A060-0503994024EF}.Debug|Any CPU.Build.0 = Debug|Any CPU
		{81F3BE25-7DCC-4779-A060-0503994024EF}.Release|Any CPU.ActiveCfg = Release|Any CPU
		{81F3BE25-7DCC-4779-A060-0503994024EF}.Release|Any CPU.Build.0 = Release|Any CPU
	EndGlobalSection
	GlobalSection(SolutionProperties) = preSolution
		HideSolutionNode = FALSE
	EndGlobalSection
	GlobalSection(ExtensibilityGlobals) = postSolution
		SolutionGuid = {AC0513E9-3FDE-470E-952E-37E9CC8C3A51}
	EndGlobalSection
EndGlobal
